// !$*UTF8*$!
{
	archiveVersion = 1;
	classes = {
	};
	objectVersion = 50;
	objects = {

/* Begin PBXBuildFile section */
		33059CFF5C4EFB8B03DDED4F /* Pods_AllReview.framework in Frameworks */ = {isa = PBXBuildFile; fileRef = 0568AF5942C5F1CE6BA55A1C /* Pods_AllReview.framework */; };
		F4D5049023399295003495AB /* AppDelegate.swift in Sources */ = {isa = PBXBuildFile; fileRef = F4D5048F23399295003495AB /* AppDelegate.swift */; };
		F4D5049223399295003495AB /* ViewController.swift in Sources */ = {isa = PBXBuildFile; fileRef = F4D5049123399295003495AB /* ViewController.swift */; };
		F4D5049523399295003495AB /* Main.storyboard in Resources */ = {isa = PBXBuildFile; fileRef = F4D5049323399295003495AB /* Main.storyboard */; };
		F4D5049723399296003495AB /* Assets.xcassets in Resources */ = {isa = PBXBuildFile; fileRef = F4D5049623399296003495AB /* Assets.xcassets */; };
		F4D5049A23399296003495AB /* LaunchScreen.storyboard in Resources */ = {isa = PBXBuildFile; fileRef = F4D5049823399296003495AB /* LaunchScreen.storyboard */; };
		F4D504A72339A1A5003495AB /* LoginViewController.swift in Sources */ = {isa = PBXBuildFile; fileRef = F4D504A62339A1A5003495AB /* LoginViewController.swift */; };
		F4D504A92339A1D9003495AB /* LoginViewModel.swift in Sources */ = {isa = PBXBuildFile; fileRef = F4D504A82339A1D9003495AB /* LoginViewModel.swift */; };
		F4D504AB2339B298003495AB /* GoogleService-Info.plist in Resources */ = {isa = PBXBuildFile; fileRef = F4D504AA2339B298003495AB /* GoogleService-Info.plist */; };
/* End PBXBuildFile section */

/* Begin PBXFileReference section */
		0568AF5942C5F1CE6BA55A1C /* Pods_AllReview.framework */ = {isa = PBXFileReference; explicitFileType = wrapper.framework; includeInIndex = 0; path = Pods_AllReview.framework; sourceTree = BUILT_PRODUCTS_DIR; };
		16DA10833C543149CE184D68 /* Pods-AllReview.debug.xcconfig */ = {isa = PBXFileReference; includeInIndex = 1; lastKnownFileType = text.xcconfig; name = "Pods-AllReview.debug.xcconfig"; path = "Target Support Files/Pods-AllReview/Pods-AllReview.debug.xcconfig"; sourceTree = "<group>"; };
		633F7DDC1BD5999B471FD44B /* Pods-AllReview.release.xcconfig */ = {isa = PBXFileReference; includeInIndex = 1; lastKnownFileType = text.xcconfig; name = "Pods-AllReview.release.xcconfig"; path = "Target Support Files/Pods-AllReview/Pods-AllReview.release.xcconfig"; sourceTree = "<group>"; };
		F4D5048C23399295003495AB /* AllReview.app */ = {isa = PBXFileReference; explicitFileType = wrapper.application; includeInIndex = 0; path = AllReview.app; sourceTree = BUILT_PRODUCTS_DIR; };
		F4D5048F23399295003495AB /* AppDelegate.swift */ = {isa = PBXFileReference; lastKnownFileType = sourcecode.swift; path = AppDelegate.swift; sourceTree = "<group>"; };
		F4D5049123399295003495AB /* ViewController.swift */ = {isa = PBXFileReference; lastKnownFileType = sourcecode.swift; path = ViewController.swift; sourceTree = "<group>"; };
		F4D5049423399295003495AB /* Base */ = {isa = PBXFileReference; lastKnownFileType = file.storyboard; name = Base; path = Base.lproj/Main.storyboard; sourceTree = "<group>"; };
		F4D5049623399296003495AB /* Assets.xcassets */ = {isa = PBXFileReference; lastKnownFileType = folder.assetcatalog; path = Assets.xcassets; sourceTree = "<group>"; };
		F4D5049923399296003495AB /* Base */ = {isa = PBXFileReference; lastKnownFileType = file.storyboard; name = Base; path = Base.lproj/LaunchScreen.storyboard; sourceTree = "<group>"; };
		F4D5049B23399296003495AB /* Info.plist */ = {isa = PBXFileReference; lastKnownFileType = text.plist.xml; path = Info.plist; sourceTree = "<group>"; };
		F4D504A62339A1A5003495AB /* LoginViewController.swift */ = {isa = PBXFileReference; lastKnownFileType = sourcecode.swift; path = LoginViewController.swift; sourceTree = "<group>"; };
		F4D504A82339A1D9003495AB /* LoginViewModel.swift */ = {isa = PBXFileReference; lastKnownFileType = sourcecode.swift; path = LoginViewModel.swift; sourceTree = "<group>"; };
		F4D504AA2339B298003495AB /* GoogleService-Info.plist */ = {isa = PBXFileReference; fileEncoding = 4; lastKnownFileType = text.plist.xml; path = "GoogleService-Info.plist"; sourceTree = "<group>"; };
/* End PBXFileReference section */

/* Begin PBXFrameworksBuildPhase section */
		F4D5048923399295003495AB /* Frameworks */ = {
			isa = PBXFrameworksBuildPhase;
			buildActionMask = 2147483647;
			files = (
				33059CFF5C4EFB8B03DDED4F /* Pods_AllReview.framework in Frameworks */,
			);
			runOnlyForDeploymentPostprocessing = 0;
		};
/* End PBXFrameworksBuildPhase section */

/* Begin PBXGroup section */
		43F19BB914EA384AED825CB1 /* Frameworks */ = {
			isa = PBXGroup;
			children = (
				0568AF5942C5F1CE6BA55A1C /* Pods_AllReview.framework */,
			);
			name = Frameworks;
			sourceTree = "<group>";
		};
		A301C3CD9C9E9433F24EA236 /* Pods */ = {
			isa = PBXGroup;
			children = (
				16DA10833C543149CE184D68 /* Pods-AllReview.debug.xcconfig */,
				633F7DDC1BD5999B471FD44B /* Pods-AllReview.release.xcconfig */,
			);
			path = Pods;
			sourceTree = "<group>";
		};
		F4D5048323399295003495AB = {
			isa = PBXGroup;
			children = (
				F4D5048E23399295003495AB /* AllReview */,
				F4D5048D23399295003495AB /* Products */,
				A301C3CD9C9E9433F24EA236 /* Pods */,
				43F19BB914EA384AED825CB1 /* Frameworks */,
			);
			sourceTree = "<group>";
		};
		F4D5048D23399295003495AB /* Products */ = {
			isa = PBXGroup;
			children = (
				F4D5048C23399295003495AB /* AllReview.app */,
			);
			name = Products;
			sourceTree = "<group>";
		};
		F4D5048E23399295003495AB /* AllReview */ = {
			isa = PBXGroup;
			children = (
				F4D504A5233994FB003495AB /* Network */,
				F4D504A4233994F6003495AB /* Model */,
				F4D504A3233994ED003495AB /* ViewModel */,
				F4D504A2233994E4003495AB /* ViewController */,
				F4D504A1233994D5003495AB /* StoryBoard */,
				F4D5048F23399295003495AB /* AppDelegate.swift */,
				F4D504AA2339B298003495AB /* GoogleService-Info.plist */,
				F4D5049623399296003495AB /* Assets.xcassets */,
				F4D5049823399296003495AB /* LaunchScreen.storyboard */,
				F4D5049B23399296003495AB /* Info.plist */,
			);
			path = AllReview;
			sourceTree = "<group>";
		};
		F4D504A1233994D5003495AB /* StoryBoard */ = {
			isa = PBXGroup;
			children = (
				F4D5049323399295003495AB /* Main.storyboard */,
			);
			path = StoryBoard;
			sourceTree = "<group>";
		};
		F4D504A2233994E4003495AB /* ViewController */ = {
			isa = PBXGroup;
			children = (
				F4D5049123399295003495AB /* ViewController.swift */,
				F4D504A62339A1A5003495AB /* LoginViewController.swift */,
			);
			path = ViewController;
			sourceTree = "<group>";
		};
		F4D504A3233994ED003495AB /* ViewModel */ = {
			isa = PBXGroup;
			children = (
				F4D504A82339A1D9003495AB /* LoginViewModel.swift */,
			);
			path = ViewModel;
			sourceTree = "<group>";
		};
		F4D504A4233994F6003495AB /* Model */ = {
			isa = PBXGroup;
			children = (
			);
			path = Model;
			sourceTree = "<group>";
		};
		F4D504A5233994FB003495AB /* Network */ = {
			isa = PBXGroup;
			children = (
			);
			path = Network;
			sourceTree = "<group>";
		};
/* End PBXGroup section */

/* Begin PBXNativeTarget section */
		F4D5048B23399295003495AB /* AllReview */ = {
			isa = PBXNativeTarget;
			buildConfigurationList = F4D5049E23399296003495AB /* Build configuration list for PBXNativeTarget "AllReview" */;
			buildPhases = (
				AF7C597476B6F8AD27478C0B /* [CP] Check Pods Manifest.lock */,
				F4D5048823399295003495AB /* Sources */,
				F4D5048923399295003495AB /* Frameworks */,
				F4D5048A23399295003495AB /* Resources */,
				1FD4382FCD1AFE2AD87C32F4 /* [CP] Embed Pods Frameworks */,
			);
			buildRules = (
			);
			dependencies = (
			);
			name = AllReview;
			productName = AllReview;
			productReference = F4D5048C23399295003495AB /* AllReview.app */;
			productType = "com.apple.product-type.application";
		};
/* End PBXNativeTarget section */

/* Begin PBXProject section */
		F4D5048423399295003495AB /* Project object */ = {
			isa = PBXProject;
			attributes = {
				LastSwiftUpdateCheck = 1030;
				LastUpgradeCheck = 1030;
				ORGANIZATIONNAME = swift;
				TargetAttributes = {
					F4D5048B23399295003495AB = {
						CreatedOnToolsVersion = 10.3;
					};
				};
			};
			buildConfigurationList = F4D5048723399295003495AB /* Build configuration list for PBXProject "AllReview" */;
			compatibilityVersion = "Xcode 9.3";
			developmentRegion = en;
			hasScannedForEncodings = 0;
			knownRegions = (
				en,
				Base,
			);
			mainGroup = F4D5048323399295003495AB;
			productRefGroup = F4D5048D23399295003495AB /* Products */;
			projectDirPath = "";
			projectRoot = "";
			targets = (
				F4D5048B23399295003495AB /* AllReview */,
			);
		};
/* End PBXProject section */

/* Begin PBXResourcesBuildPhase section */
		F4D5048A23399295003495AB /* Resources */ = {
			isa = PBXResourcesBuildPhase;
			buildActionMask = 2147483647;
			files = (
				F4D5049A23399296003495AB /* LaunchScreen.storyboard in Resources */,
				F4D504AB2339B298003495AB /* GoogleService-Info.plist in Resources */,
				F4D5049723399296003495AB /* Assets.xcassets in Resources */,
				F4D5049523399295003495AB /* Main.storyboard in Resources */,
			);
			runOnlyForDeploymentPostprocessing = 0;
		};
/* End PBXResourcesBuildPhase section */

/* Begin PBXShellScriptBuildPhase section */
		1FD4382FCD1AFE2AD87C32F4 /* [CP] Embed Pods Frameworks */ = {
			isa = PBXShellScriptBuildPhase;
			buildActionMask = 2147483647;
			files = (
			);
			inputFileListPaths = (
			);
			inputPaths = (
				"${PODS_ROOT}/Target Support Files/Pods-AllReview/Pods-AllReview-frameworks.sh",
				"${BUILT_PRODUCTS_DIR}/FBSDKCoreKit/FBSDKCoreKit.framework",
				"${BUILT_PRODUCTS_DIR}/FBSDKLoginKit/FBSDKLoginKit.framework",
				"${BUILT_PRODUCTS_DIR}/GTMSessionFetcher/GTMSessionFetcher.framework",
				"${BUILT_PRODUCTS_DIR}/GoogleUtilities/GoogleUtilities.framework",
				"${BUILT_PRODUCTS_DIR}/RxCocoa/RxCocoa.framework",
				"${BUILT_PRODUCTS_DIR}/RxRelay/RxRelay.framework",
				"${BUILT_PRODUCTS_DIR}/RxSwift/RxSwift.framework",
				"${BUILT_PRODUCTS_DIR}/nanopb/nanopb.framework",
			);
			name = "[CP] Embed Pods Frameworks";
			outputFileListPaths = (
			);
			outputPaths = (
				"${TARGET_BUILD_DIR}/${FRAMEWORKS_FOLDER_PATH}/FBSDKCoreKit.framework",
				"${TARGET_BUILD_DIR}/${FRAMEWORKS_FOLDER_PATH}/FBSDKLoginKit.framework",
				"${TARGET_BUILD_DIR}/${FRAMEWORKS_FOLDER_PATH}/GTMSessionFetcher.framework",
				"${TARGET_BUILD_DIR}/${FRAMEWORKS_FOLDER_PATH}/GoogleUtilities.framework",
				"${TARGET_BUILD_DIR}/${FRAMEWORKS_FOLDER_PATH}/RxCocoa.framework",
				"${TARGET_BUILD_DIR}/${FRAMEWORKS_FOLDER_PATH}/RxRelay.framework",
				"${TARGET_BUILD_DIR}/${FRAMEWORKS_FOLDER_PATH}/RxSwift.framework",
				"${TARGET_BUILD_DIR}/${FRAMEWORKS_FOLDER_PATH}/nanopb.framework",
			);
			runOnlyForDeploymentPostprocessing = 0;
			shellPath = /bin/sh;
			shellScript = "\"${PODS_ROOT}/Target Support Files/Pods-AllReview/Pods-AllReview-frameworks.sh\"\n";
			showEnvVarsInLog = 0;
		};
		AF7C597476B6F8AD27478C0B /* [CP] Check Pods Manifest.lock */ = {
			isa = PBXShellScriptBuildPhase;
			buildActionMask = 2147483647;
			files = (
			);
			inputFileListPaths = (
			);
			inputPaths = (
				"${PODS_PODFILE_DIR_PATH}/Podfile.lock",
				"${PODS_ROOT}/Manifest.lock",
			);
			name = "[CP] Check Pods Manifest.lock";
			outputFileListPaths = (
			);
			outputPaths = (
				"$(DERIVED_FILE_DIR)/Pods-AllReview-checkManifestLockResult.txt",
			);
			runOnlyForDeploymentPostprocessing = 0;
			shellPath = /bin/sh;
			shellScript = "diff \"${PODS_PODFILE_DIR_PATH}/Podfile.lock\" \"${PODS_ROOT}/Manifest.lock\" > /dev/null\nif [ $? != 0 ] ; then\n    # print error to STDERR\n    echo \"error: The sandbox is not in sync with the Podfile.lock. Run 'pod install' or update your CocoaPods installation.\" >&2\n    exit 1\nfi\n# This output is used by Xcode 'outputs' to avoid re-running this script phase.\necho \"SUCCESS\" > \"${SCRIPT_OUTPUT_FILE_0}\"\n";
			showEnvVarsInLog = 0;
		};
/* End PBXShellScriptBuildPhase section */

/* Begin PBXSourcesBuildPhase section */
		F4D5048823399295003495AB /* Sources */ = {
			isa = PBXSourcesBuildPhase;
			buildActionMask = 2147483647;
			files = (
				F4D504A92339A1D9003495AB /* LoginViewModel.swift in Sources */,
				F4D504A72339A1A5003495AB /* LoginViewController.swift in Sources */,
				F4D5049223399295003495AB /* ViewController.swift in Sources */,
				F4D5049023399295003495AB /* AppDelegate.swift in Sources */,
			);
			runOnlyForDeploymentPostprocessing = 0;
		};
/* End PBXSourcesBuildPhase section */

/* Begin PBXVariantGroup section */
		F4D5049323399295003495AB /* Main.storyboard */ = {
			isa = PBXVariantGroup;
			children = (
				F4D5049423399295003495AB /* Base */,
			);
			name = Main.storyboard;
			sourceTree = "<group>";
		};
		F4D5049823399296003495AB /* LaunchScreen.storyboard */ = {
			isa = PBXVariantGroup;
			children = (
				F4D5049923399296003495AB /* Base */,
			);
			name = LaunchScreen.storyboard;
			sourceTree = "<group>";
		};
/* End PBXVariantGroup section */

/* Begin XCBuildConfiguration section */
		F4D5049C23399296003495AB /* Debug */ = {
			isa = XCBuildConfiguration;
			buildSettings = {
				ALWAYS_SEARCH_USER_PATHS = NO;
				CLANG_ANALYZER_NONNULL = YES;
				CLANG_ANALYZER_NUMBER_OBJECT_CONVERSION = YES_AGGRESSIVE;
				CLANG_CXX_LANGUAGE_STANDARD = "gnu++14";
				CLANG_CXX_LIBRARY = "libc++";
				CLANG_ENABLE_MODULES = YES;
				CLANG_ENABLE_OBJC_ARC = YES;
				CLANG_ENABLE_OBJC_WEAK = YES;
				CLANG_WARN_BLOCK_CAPTURE_AUTORELEASING = YES;
				CLANG_WARN_BOOL_CONVERSION = YES;
				CLANG_WARN_COMMA = YES;
				CLANG_WARN_CONSTANT_CONVERSION = YES;
				CLANG_WARN_DEPRECATED_OBJC_IMPLEMENTATIONS = YES;
				CLANG_WARN_DIRECT_OBJC_ISA_USAGE = YES_ERROR;
				CLANG_WARN_DOCUMENTATION_COMMENTS = YES;
				CLANG_WARN_EMPTY_BODY = YES;
				CLANG_WARN_ENUM_CONVERSION = YES;
				CLANG_WARN_INFINITE_RECURSION = YES;
				CLANG_WARN_INT_CONVERSION = YES;
				CLANG_WARN_NON_LITERAL_NULL_CONVERSION = YES;
				CLANG_WARN_OBJC_IMPLICIT_RETAIN_SELF = YES;
				CLANG_WARN_OBJC_LITERAL_CONVERSION = YES;
				CLANG_WARN_OBJC_ROOT_CLASS = YES_ERROR;
				CLANG_WARN_RANGE_LOOP_ANALYSIS = YES;
				CLANG_WARN_STRICT_PROTOTYPES = YES;
				CLANG_WARN_SUSPICIOUS_MOVE = YES;
				CLANG_WARN_UNGUARDED_AVAILABILITY = YES_AGGRESSIVE;
				CLANG_WARN_UNREACHABLE_CODE = YES;
				CLANG_WARN__DUPLICATE_METHOD_MATCH = YES;
				CODE_SIGN_IDENTITY = "iPhone Developer";
				COPY_PHASE_STRIP = NO;
				DEBUG_INFORMATION_FORMAT = dwarf;
				ENABLE_STRICT_OBJC_MSGSEND = YES;
				ENABLE_TESTABILITY = YES;
				GCC_C_LANGUAGE_STANDARD = gnu11;
				GCC_DYNAMIC_NO_PIC = NO;
				GCC_NO_COMMON_BLOCKS = YES;
				GCC_OPTIMIZATION_LEVEL = 0;
				GCC_PREPROCESSOR_DEFINITIONS = (
					"DEBUG=1",
					"$(inherited)",
				);
				GCC_WARN_64_TO_32_BIT_CONVERSION = YES;
				GCC_WARN_ABOUT_RETURN_TYPE = YES_ERROR;
				GCC_WARN_UNDECLARED_SELECTOR = YES;
				GCC_WARN_UNINITIALIZED_AUTOS = YES_AGGRESSIVE;
				GCC_WARN_UNUSED_FUNCTION = YES;
				GCC_WARN_UNUSED_VARIABLE = YES;
				IPHONEOS_DEPLOYMENT_TARGET = 12.4;
				MTL_ENABLE_DEBUG_INFO = INCLUDE_SOURCE;
				MTL_FAST_MATH = YES;
				ONLY_ACTIVE_ARCH = YES;
				SDKROOT = iphoneos;
				SWIFT_ACTIVE_COMPILATION_CONDITIONS = DEBUG;
				SWIFT_OPTIMIZATION_LEVEL = "-Onone";
			};
			name = Debug;
		};
		F4D5049D23399296003495AB /* Release */ = {
			isa = XCBuildConfiguration;
			buildSettings = {
				ALWAYS_SEARCH_USER_PATHS = NO;
				CLANG_ANALYZER_NONNULL = YES;
				CLANG_ANALYZER_NUMBER_OBJECT_CONVERSION = YES_AGGRESSIVE;
				CLANG_CXX_LANGUAGE_STANDARD = "gnu++14";
				CLANG_CXX_LIBRARY = "libc++";
				CLANG_ENABLE_MODULES = YES;
				CLANG_ENABLE_OBJC_ARC = YES;
				CLANG_ENABLE_OBJC_WEAK = YES;
				CLANG_WARN_BLOCK_CAPTURE_AUTORELEASING = YES;
				CLANG_WARN_BOOL_CONVERSION = YES;
				CLANG_WARN_COMMA = YES;
				CLANG_WARN_CONSTANT_CONVERSION = YES;
				CLANG_WARN_DEPRECATED_OBJC_IMPLEMENTATIONS = YES;
				CLANG_WARN_DIRECT_OBJC_ISA_USAGE = YES_ERROR;
				CLANG_WARN_DOCUMENTATION_COMMENTS = YES;
				CLANG_WARN_EMPTY_BODY = YES;
				CLANG_WARN_ENUM_CONVERSION = YES;
				CLANG_WARN_INFINITE_RECURSION = YES;
				CLANG_WARN_INT_CONVERSION = YES;
				CLANG_WARN_NON_LITERAL_NULL_CONVERSION = YES;
				CLANG_WARN_OBJC_IMPLICIT_RETAIN_SELF = YES;
				CLANG_WARN_OBJC_LITERAL_CONVERSION = YES;
				CLANG_WARN_OBJC_ROOT_CLASS = YES_ERROR;
				CLANG_WARN_RANGE_LOOP_ANALYSIS = YES;
				CLANG_WARN_STRICT_PROTOTYPES = YES;
				CLANG_WARN_SUSPICIOUS_MOVE = YES;
				CLANG_WARN_UNGUARDED_AVAILABILITY = YES_AGGRESSIVE;
				CLANG_WARN_UNREACHABLE_CODE = YES;
				CLANG_WARN__DUPLICATE_METHOD_MATCH = YES;
				CODE_SIGN_IDENTITY = "iPhone Developer";
				COPY_PHASE_STRIP = NO;
				DEBUG_INFORMATION_FORMAT = "dwarf-with-dsym";
				ENABLE_NS_ASSERTIONS = NO;
				ENABLE_STRICT_OBJC_MSGSEND = YES;
				GCC_C_LANGUAGE_STANDARD = gnu11;
				GCC_NO_COMMON_BLOCKS = YES;
				GCC_WARN_64_TO_32_BIT_CONVERSION = YES;
				GCC_WARN_ABOUT_RETURN_TYPE = YES_ERROR;
				GCC_WARN_UNDECLARED_SELECTOR = YES;
				GCC_WARN_UNINITIALIZED_AUTOS = YES_AGGRESSIVE;
				GCC_WARN_UNUSED_FUNCTION = YES;
				GCC_WARN_UNUSED_VARIABLE = YES;
				IPHONEOS_DEPLOYMENT_TARGET = 12.4;
				MTL_ENABLE_DEBUG_INFO = NO;
				MTL_FAST_MATH = YES;
				SDKROOT = iphoneos;
				SWIFT_COMPILATION_MODE = wholemodule;
				SWIFT_OPTIMIZATION_LEVEL = "-O";
				VALIDATE_PRODUCT = YES;
			};
			name = Release;
		};
		F4D5049F23399296003495AB /* Debug */ = {
			isa = XCBuildConfiguration;
			baseConfigurationReference = 16DA10833C543149CE184D68 /* Pods-AllReview.debug.xcconfig */;
			buildSettings = {
				ASSETCATALOG_COMPILER_APPICON_NAME = AppIcon;
				CODE_SIGN_STYLE = Automatic;
				DEVELOPMENT_TEAM = K7V5K2ZCCN;
				INFOPLIST_FILE = AllReview/Info.plist;
				LD_RUNPATH_SEARCH_PATHS = (
					"$(inherited)",
					"@executable_path/Frameworks",
				);
				PRODUCT_BUNDLE_IDENTIFIER = com.teamMiracle.AllReview;
				PRODUCT_NAME = "$(TARGET_NAME)";
				SWIFT_VERSION = 5.0;
				TARGETED_DEVICE_FAMILY = "1,2";
			};
			name = Debug;
		};
		F4D504A023399296003495AB /* Release */ = {
			isa = XCBuildConfiguration;
			baseConfigurationReference = 633F7DDC1BD5999B471FD44B /* Pods-AllReview.release.xcconfig */;
			buildSettings = {
				ASSETCATALOG_COMPILER_APPICON_NAME = AppIcon;
				CODE_SIGN_STYLE = Automatic;
				DEVELOPMENT_TEAM = K7V5K2ZCCN;
				INFOPLIST_FILE = AllReview/Info.plist;
				LD_RUNPATH_SEARCH_PATHS = (
					"$(inherited)",
					"@executable_path/Frameworks",
				);
				PRODUCT_BUNDLE_IDENTIFIER = com.teamMiracle.AllReview;
				PRODUCT_NAME = "$(TARGET_NAME)";
				SWIFT_VERSION = 5.0;
				TARGETED_DEVICE_FAMILY = "1,2";
			};
			name = Release;
		};
/* End XCBuildConfiguration section */

/* Begin XCConfigurationList section */
		F4D5048723399295003495AB /* Build configuration list for PBXProject "AllReview" */ = {
			isa = XCConfigurationList;
			buildConfigurations = (
				F4D5049C23399296003495AB /* Debug */,
				F4D5049D23399296003495AB /* Release */,
			);
			defaultConfigurationIsVisible = 0;
			defaultConfigurationName = Release;
		};
		F4D5049E23399296003495AB /* Build configuration list for PBXNativeTarget "AllReview" */ = {
			isa = XCConfigurationList;
			buildConfigurations = (
				F4D5049F23399296003495AB /* Debug */,
				F4D504A023399296003495AB /* Release */,
			);
			defaultConfigurationIsVisible = 0;
			defaultConfigurationName = Release;
		};
/* End XCConfigurationList section */
	};
	rootObject = F4D5048423399295003495AB /* Project object */;
}
