// !$*UTF8*$!
{
	archiveVersion = 1;
	classes = {
	};
	objectVersion = 51;
	objects = {

/* Begin PBXBuildFile section */
		344716F354E35708BF292F9E /* Pods_AllReview_AllReviewTests.framework in Frameworks */ = {isa = PBXBuildFile; fileRef = 0E2CFD736CF0A79629FBC8B6 /* Pods_AllReview_AllReviewTests.framework */; };
		90474CFD23658DCF00C48C4A /* URLCompoents.swift in Sources */ = {isa = PBXBuildFile; fileRef = 90474CFC23658DCF00C48C4A /* URLCompoents.swift */; };
		90474CFF2365CC8500C48C4A /* RxRequests.swift in Sources */ = {isa = PBXBuildFile; fileRef = 90474CFE2365CC8500C48C4A /* RxRequests.swift */; };
		90474D012365CDD000C48C4A /* Response.swift in Sources */ = {isa = PBXBuildFile; fileRef = 90474D002365CDD000C48C4A /* Response.swift */; };
		D9EC8B3C355A17DA229FC95D /* Pods_AllReview.framework in Frameworks */ = {isa = PBXBuildFile; fileRef = 5F1909330AD932D16FEB016A /* Pods_AllReview.framework */; };
		F465136F236681FF004CFBFC /* AllReviewTests.swift in Sources */ = {isa = PBXBuildFile; fileRef = F465136E236681FF004CFBFC /* AllReviewTests.swift */; };
		F465137723668C33004CFBFC /* GoogleService-Info.plist in Resources */ = {isa = PBXBuildFile; fileRef = F465137623668C33004CFBFC /* GoogleService-Info.plist */; };
		F465137A2366B736004CFBFC /* userSession.swift in Sources */ = {isa = PBXBuildFile; fileRef = F46513792366B736004CFBFC /* userSession.swift */; };
		F465137D2366C73A004CFBFC /* LoginViewRouter.swift in Sources */ = {isa = PBXBuildFile; fileRef = F465137C2366C73A004CFBFC /* LoginViewRouter.swift */; };
		F46513832367BBBA004CFBFC /* DefaultRouter.swift in Sources */ = {isa = PBXBuildFile; fileRef = F46513822367BBBA004CFBFC /* DefaultRouter.swift */; };
		F46513852367EEFD004CFBFC /* MainViewController.swift in Sources */ = {isa = PBXBuildFile; fileRef = F46513842367EEFD004CFBFC /* MainViewController.swift */; };
		F4651393236AD4BB004CFBFC /* MainViewModel.swift in Sources */ = {isa = PBXBuildFile; fileRef = F4651392236AD4BB004CFBFC /* MainViewModel.swift */; };
		F4D4D82E237E366800905117 /* AddNewReviewViewModel.swift in Sources */ = {isa = PBXBuildFile; fileRef = F4D4D82D237E366800905117 /* AddNewReviewViewModel.swift */; };
		F4D4D830237E36A700905117 /* SearchMovieViewController.swift in Sources */ = {isa = PBXBuildFile; fileRef = F4D4D82F237E36A700905117 /* SearchMovieViewController.swift */; };
		F4D4D832237E36BB00905117 /* SearchMovieViewModel.swift in Sources */ = {isa = PBXBuildFile; fileRef = F4D4D831237E36BB00905117 /* SearchMovieViewModel.swift */; };
		F4D5049023399295003495AB /* AppDelegate.swift in Sources */ = {isa = PBXBuildFile; fileRef = F4D5048F23399295003495AB /* AppDelegate.swift */; };
		F4D5049223399295003495AB /* LoginViewController.swift in Sources */ = {isa = PBXBuildFile; fileRef = F4D5049123399295003495AB /* LoginViewController.swift */; };
		F4D5049523399295003495AB /* Main.storyboard in Resources */ = {isa = PBXBuildFile; fileRef = F4D5049323399295003495AB /* Main.storyboard */; };
		F4D5049723399296003495AB /* Assets.xcassets in Resources */ = {isa = PBXBuildFile; fileRef = F4D5049623399296003495AB /* Assets.xcassets */; };
		F4D5049A23399296003495AB /* LaunchScreen.storyboard in Resources */ = {isa = PBXBuildFile; fileRef = F4D5049823399296003495AB /* LaunchScreen.storyboard */; };
		F4D504A92339A1D9003495AB /* LoginViewModel.swift in Sources */ = {isa = PBXBuildFile; fileRef = F4D504A82339A1D9003495AB /* LoginViewModel.swift */; };
		F4F0D638237CE25100A869A0 /* StringExtension.swift in Sources */ = {isa = PBXBuildFile; fileRef = F4F0D637237CE25100A869A0 /* StringExtension.swift */; };
		F4F0D63A237CF04400A869A0 /* UIDeviceExtension.swift in Sources */ = {isa = PBXBuildFile; fileRef = F4F0D639237CF04400A869A0 /* UIDeviceExtension.swift */; };
		F4F0D63C237D213300A869A0 /* AddNewReviewController.swift in Sources */ = {isa = PBXBuildFile; fileRef = F4F0D63B237D213200A869A0 /* AddNewReviewController.swift */; };
		F4F0D63E237D252C00A869A0 /* MainViewRouter.swift in Sources */ = {isa = PBXBuildFile; fileRef = F4F0D63D237D252C00A869A0 /* MainViewRouter.swift */; };
/* End PBXBuildFile section */

/* Begin PBXContainerItemProxy section */
		F4651371236681FF004CFBFC /* PBXContainerItemProxy */ = {
			isa = PBXContainerItemProxy;
			containerPortal = F4D5048423399295003495AB /* Project object */;
			proxyType = 1;
			remoteGlobalIDString = F4D5048B23399295003495AB;
			remoteInfo = AllReview;
		};
/* End PBXContainerItemProxy section */

/* Begin PBXFileReference section */
		0E2CFD736CF0A79629FBC8B6 /* Pods_AllReview_AllReviewTests.framework */ = {isa = PBXFileReference; explicitFileType = wrapper.framework; includeInIndex = 0; path = Pods_AllReview_AllReviewTests.framework; sourceTree = BUILT_PRODUCTS_DIR; };
		1077EA070A11A29ACF6D23C9 /* Pods-AllReview-AllReviewTests.release.xcconfig */ = {isa = PBXFileReference; includeInIndex = 1; lastKnownFileType = text.xcconfig; name = "Pods-AllReview-AllReviewTests.release.xcconfig"; path = "Target Support Files/Pods-AllReview-AllReviewTests/Pods-AllReview-AllReviewTests.release.xcconfig"; sourceTree = "<group>"; };
		5F1909330AD932D16FEB016A /* Pods_AllReview.framework */ = {isa = PBXFileReference; explicitFileType = wrapper.framework; includeInIndex = 0; path = Pods_AllReview.framework; sourceTree = BUILT_PRODUCTS_DIR; };
		6E6A2590001F92B5FFE1005A /* Pods-AllReview-AllReviewTests.debug.xcconfig */ = {isa = PBXFileReference; includeInIndex = 1; lastKnownFileType = text.xcconfig; name = "Pods-AllReview-AllReviewTests.debug.xcconfig"; path = "Target Support Files/Pods-AllReview-AllReviewTests/Pods-AllReview-AllReviewTests.debug.xcconfig"; sourceTree = "<group>"; };
		8BF7F11AC9FC5924E1969EA6 /* Pods-AllReview.release.xcconfig */ = {isa = PBXFileReference; includeInIndex = 1; lastKnownFileType = text.xcconfig; name = "Pods-AllReview.release.xcconfig"; path = "Target Support Files/Pods-AllReview/Pods-AllReview.release.xcconfig"; sourceTree = "<group>"; };
		90474CFC23658DCF00C48C4A /* URLCompoents.swift */ = {isa = PBXFileReference; lastKnownFileType = sourcecode.swift; path = URLCompoents.swift; sourceTree = "<group>"; };
		90474CFE2365CC8500C48C4A /* RxRequests.swift */ = {isa = PBXFileReference; lastKnownFileType = sourcecode.swift; path = RxRequests.swift; sourceTree = "<group>"; };
		90474D002365CDD000C48C4A /* Response.swift */ = {isa = PBXFileReference; lastKnownFileType = sourcecode.swift; path = Response.swift; sourceTree = "<group>"; };
		D8228CA13AAA255453C5C2DF /* Pods-AllReview.debug.xcconfig */ = {isa = PBXFileReference; includeInIndex = 1; lastKnownFileType = text.xcconfig; name = "Pods-AllReview.debug.xcconfig"; path = "Target Support Files/Pods-AllReview/Pods-AllReview.debug.xcconfig"; sourceTree = "<group>"; };
		F465136C236681FF004CFBFC /* AllReviewTests.xctest */ = {isa = PBXFileReference; explicitFileType = wrapper.cfbundle; includeInIndex = 0; path = AllReviewTests.xctest; sourceTree = BUILT_PRODUCTS_DIR; };
		F465136E236681FF004CFBFC /* AllReviewTests.swift */ = {isa = PBXFileReference; lastKnownFileType = sourcecode.swift; path = AllReviewTests.swift; sourceTree = "<group>"; };
		F4651370236681FF004CFBFC /* Info.plist */ = {isa = PBXFileReference; lastKnownFileType = text.plist.xml; path = Info.plist; sourceTree = "<group>"; };
		F465137623668C33004CFBFC /* GoogleService-Info.plist */ = {isa = PBXFileReference; fileEncoding = 4; lastKnownFileType = text.plist.xml; path = "GoogleService-Info.plist"; sourceTree = "<group>"; };
		F46513792366B736004CFBFC /* userSession.swift */ = {isa = PBXFileReference; lastKnownFileType = sourcecode.swift; path = userSession.swift; sourceTree = "<group>"; };
		F465137C2366C73A004CFBFC /* LoginViewRouter.swift */ = {isa = PBXFileReference; lastKnownFileType = sourcecode.swift; path = LoginViewRouter.swift; sourceTree = "<group>"; };
		F46513822367BBBA004CFBFC /* DefaultRouter.swift */ = {isa = PBXFileReference; lastKnownFileType = sourcecode.swift; path = DefaultRouter.swift; sourceTree = "<group>"; };
		F46513842367EEFD004CFBFC /* MainViewController.swift */ = {isa = PBXFileReference; lastKnownFileType = sourcecode.swift; path = MainViewController.swift; sourceTree = "<group>"; };
		F4651392236AD4BB004CFBFC /* MainViewModel.swift */ = {isa = PBXFileReference; lastKnownFileType = sourcecode.swift; path = MainViewModel.swift; sourceTree = "<group>"; };
		F4D4D82D237E366800905117 /* AddNewReviewViewModel.swift */ = {isa = PBXFileReference; lastKnownFileType = sourcecode.swift; path = AddNewReviewViewModel.swift; sourceTree = "<group>"; };
		F4D4D82F237E36A700905117 /* SearchMovieViewController.swift */ = {isa = PBXFileReference; lastKnownFileType = sourcecode.swift; path = SearchMovieViewController.swift; sourceTree = "<group>"; };
		F4D4D831237E36BB00905117 /* SearchMovieViewModel.swift */ = {isa = PBXFileReference; lastKnownFileType = sourcecode.swift; path = SearchMovieViewModel.swift; sourceTree = "<group>"; };
		F4D5048C23399295003495AB /* AllReview.app */ = {isa = PBXFileReference; explicitFileType = wrapper.application; includeInIndex = 0; path = AllReview.app; sourceTree = BUILT_PRODUCTS_DIR; };
		F4D5048F23399295003495AB /* AppDelegate.swift */ = {isa = PBXFileReference; lastKnownFileType = sourcecode.swift; path = AppDelegate.swift; sourceTree = "<group>"; };
		F4D5049123399295003495AB /* LoginViewController.swift */ = {isa = PBXFileReference; lastKnownFileType = sourcecode.swift; path = LoginViewController.swift; sourceTree = "<group>"; };
		F4D5049423399295003495AB /* Base */ = {isa = PBXFileReference; lastKnownFileType = file.storyboard; name = Base; path = Base.lproj/Main.storyboard; sourceTree = "<group>"; };
		F4D5049623399296003495AB /* Assets.xcassets */ = {isa = PBXFileReference; lastKnownFileType = folder.assetcatalog; path = Assets.xcassets; sourceTree = "<group>"; };
		F4D5049923399296003495AB /* Base */ = {isa = PBXFileReference; lastKnownFileType = file.storyboard; name = Base; path = Base.lproj/LaunchScreen.storyboard; sourceTree = "<group>"; };
		F4D5049B23399296003495AB /* Info.plist */ = {isa = PBXFileReference; lastKnownFileType = text.plist.xml; path = Info.plist; sourceTree = "<group>"; };
		F4D504A82339A1D9003495AB /* LoginViewModel.swift */ = {isa = PBXFileReference; lastKnownFileType = sourcecode.swift; path = LoginViewModel.swift; sourceTree = "<group>"; };
		F4F0D637237CE25100A869A0 /* StringExtension.swift */ = {isa = PBXFileReference; lastKnownFileType = sourcecode.swift; path = StringExtension.swift; sourceTree = "<group>"; };
		F4F0D639237CF04400A869A0 /* UIDeviceExtension.swift */ = {isa = PBXFileReference; lastKnownFileType = sourcecode.swift; path = UIDeviceExtension.swift; sourceTree = "<group>"; };
		F4F0D63B237D213200A869A0 /* AddNewReviewController.swift */ = {isa = PBXFileReference; lastKnownFileType = sourcecode.swift; path = AddNewReviewController.swift; sourceTree = "<group>"; };
		F4F0D63D237D252C00A869A0 /* MainViewRouter.swift */ = {isa = PBXFileReference; lastKnownFileType = sourcecode.swift; path = MainViewRouter.swift; sourceTree = "<group>"; };
/* End PBXFileReference section */

/* Begin PBXFrameworksBuildPhase section */
		F4651369236681FF004CFBFC /* Frameworks */ = {
			isa = PBXFrameworksBuildPhase;
			buildActionMask = 2147483647;
			files = (
				344716F354E35708BF292F9E /* Pods_AllReview_AllReviewTests.framework in Frameworks */,
			);
			runOnlyForDeploymentPostprocessing = 0;
		};
		F4D5048923399295003495AB /* Frameworks */ = {
			isa = PBXFrameworksBuildPhase;
			buildActionMask = 2147483647;
			files = (
				D9EC8B3C355A17DA229FC95D /* Pods_AllReview.framework in Frameworks */,
			);
			runOnlyForDeploymentPostprocessing = 0;
		};
/* End PBXFrameworksBuildPhase section */

/* Begin PBXGroup section */
		90474CFB23658DC200C48C4A /* API */ = {
			isa = PBXGroup;
			children = (
				90474CFC23658DCF00C48C4A /* URLCompoents.swift */,
				90474CFE2365CC8500C48C4A /* RxRequests.swift */,
				90474D002365CDD000C48C4A /* Response.swift */,
			);
			path = API;
			sourceTree = "<group>";
		};
		A301C3CD9C9E9433F24EA236 /* Pods */ = {
			isa = PBXGroup;
			children = (
				D8228CA13AAA255453C5C2DF /* Pods-AllReview.debug.xcconfig */,
				8BF7F11AC9FC5924E1969EA6 /* Pods-AllReview.release.xcconfig */,
				6E6A2590001F92B5FFE1005A /* Pods-AllReview-AllReviewTests.debug.xcconfig */,
				1077EA070A11A29ACF6D23C9 /* Pods-AllReview-AllReviewTests.release.xcconfig */,
			);
			path = Pods;
			sourceTree = "<group>";
		};
		DF015E5D69C3B8981DA2EEBE /* Frameworks */ = {
			isa = PBXGroup;
			children = (
				5F1909330AD932D16FEB016A /* Pods_AllReview.framework */,
				0E2CFD736CF0A79629FBC8B6 /* Pods_AllReview_AllReviewTests.framework */,
			);
			name = Frameworks;
			sourceTree = "<group>";
		};
		F465136D236681FF004CFBFC /* AllReviewTests */ = {
			isa = PBXGroup;
			children = (
				F465136E236681FF004CFBFC /* AllReviewTests.swift */,
				F4651370236681FF004CFBFC /* Info.plist */,
			);
			path = AllReviewTests;
			sourceTree = "<group>";
		};
		F46513782366B727004CFBFC /* Model */ = {
			isa = PBXGroup;
			children = (
				F46513792366B736004CFBFC /* userSession.swift */,
			);
			path = Model;
			sourceTree = "<group>";
		};
		F465137B2366C723004CFBFC /* Router */ = {
			isa = PBXGroup;
			children = (
				F465137C2366C73A004CFBFC /* LoginViewRouter.swift */,
				F46513822367BBBA004CFBFC /* DefaultRouter.swift */,
				F4F0D63D237D252C00A869A0 /* MainViewRouter.swift */,
			);
			path = Router;
			sourceTree = "<group>";
		};
		F4D5048323399295003495AB = {
			isa = PBXGroup;
			children = (
				F4D5048E23399295003495AB /* AllReview */,
				F465136D236681FF004CFBFC /* AllReviewTests */,
				F4D5048D23399295003495AB /* Products */,
				A301C3CD9C9E9433F24EA236 /* Pods */,
				DF015E5D69C3B8981DA2EEBE /* Frameworks */,
			);
			sourceTree = "<group>";
		};
		F4D5048D23399295003495AB /* Products */ = {
			isa = PBXGroup;
			children = (
				F4D5048C23399295003495AB /* AllReview.app */,
				F465136C236681FF004CFBFC /* AllReviewTests.xctest */,
			);
			name = Products;
			sourceTree = "<group>";
		};
		F4D5048E23399295003495AB /* AllReview */ = {
			isa = PBXGroup;
			children = (
				F4F0D636237CE24200A869A0 /* Extension */,
				F46513782366B727004CFBFC /* Model */,
				90474CFB23658DC200C48C4A /* API */,
				F465137B2366C723004CFBFC /* Router */,
				F4D504A3233994ED003495AB /* ViewModel */,
				F4D504A2233994E4003495AB /* View */,
				F4D504A1233994D5003495AB /* StoryBoard */,
				F4D5048F23399295003495AB /* AppDelegate.swift */,
				F4D5049623399296003495AB /* Assets.xcassets */,
				F4D5049823399296003495AB /* LaunchScreen.storyboard */,
				F465137623668C33004CFBFC /* GoogleService-Info.plist */,
				F4D5049B23399296003495AB /* Info.plist */,
			);
			path = AllReview;
			sourceTree = "<group>";
		};
		F4D504A1233994D5003495AB /* StoryBoard */ = {
			isa = PBXGroup;
			children = (
				F4D5049323399295003495AB /* Main.storyboard */,
			);
			path = StoryBoard;
			sourceTree = "<group>";
		};
		F4D504A2233994E4003495AB /* View */ = {
			isa = PBXGroup;
			children = (
				F4D5049123399295003495AB /* LoginViewController.swift */,
				F46513842367EEFD004CFBFC /* MainViewController.swift */,
				F4F0D63B237D213200A869A0 /* AddNewReviewController.swift */,
				F4D4D82F237E36A700905117 /* SearchMovieViewController.swift */,
			);
			path = View;
			sourceTree = "<group>";
		};
		F4D504A3233994ED003495AB /* ViewModel */ = {
			isa = PBXGroup;
			children = (
				F4D504A82339A1D9003495AB /* LoginViewModel.swift */,
				F4651392236AD4BB004CFBFC /* MainViewModel.swift */,
				F4D4D82D237E366800905117 /* AddNewReviewViewModel.swift */,
				F4D4D831237E36BB00905117 /* SearchMovieViewModel.swift */,
			);
			path = ViewModel;
			sourceTree = "<group>";
		};
		F4F0D636237CE24200A869A0 /* Extension */ = {
			isa = PBXGroup;
			children = (
				F4F0D637237CE25100A869A0 /* StringExtension.swift */,
				F4F0D639237CF04400A869A0 /* UIDeviceExtension.swift */,
			);
			path = Extension;
			sourceTree = "<group>";
		};
/* End PBXGroup section */

/* Begin PBXNativeTarget section */
		F465136B236681FF004CFBFC /* AllReviewTests */ = {
			isa = PBXNativeTarget;
			buildConfigurationList = F465137523668200004CFBFC /* Build configuration list for PBXNativeTarget "AllReviewTests" */;
			buildPhases = (
				B19FE6428EA7F9E6FDCE1B44 /* [CP] Check Pods Manifest.lock */,
				F4651368236681FF004CFBFC /* Sources */,
				F4651369236681FF004CFBFC /* Frameworks */,
				F465136A236681FF004CFBFC /* Resources */,
				630C39EE6B28433DBE762EA8 /* [CP] Embed Pods Frameworks */,
			);
			buildRules = (
			);
			dependencies = (
				F4651372236681FF004CFBFC /* PBXTargetDependency */,
			);
			name = AllReviewTests;
			productName = AllReviewTests;
			productReference = F465136C236681FF004CFBFC /* AllReviewTests.xctest */;
			productType = "com.apple.product-type.bundle.unit-test";
		};
		F4D5048B23399295003495AB /* AllReview */ = {
			isa = PBXNativeTarget;
			buildConfigurationList = F4D5049E23399296003495AB /* Build configuration list for PBXNativeTarget "AllReview" */;
			buildPhases = (
				261B7FA69DEC2865404490F2 /* [CP] Check Pods Manifest.lock */,
				F4D5048823399295003495AB /* Sources */,
				F4D5048923399295003495AB /* Frameworks */,
				F4D5048A23399295003495AB /* Resources */,
				3E5FD40708E1F2E09FB44DC0 /* [CP] Embed Pods Frameworks */,
			);
			buildRules = (
			);
			dependencies = (
			);
			name = AllReview;
			productName = AllReview;
			productReference = F4D5048C23399295003495AB /* AllReview.app */;
			productType = "com.apple.product-type.application";
		};
/* End PBXNativeTarget section */

/* Begin PBXProject section */
		F4D5048423399295003495AB /* Project object */ = {
			isa = PBXProject;
			attributes = {
				LastSwiftUpdateCheck = 1110;
				LastUpgradeCheck = 1030;
				ORGANIZATIONNAME = swift;
				TargetAttributes = {
					F465136B236681FF004CFBFC = {
						CreatedOnToolsVersion = 11.1;
						TestTargetID = F4D5048B23399295003495AB;
					};
					F4D5048B23399295003495AB = {
						CreatedOnToolsVersion = 10.3;
					};
				};
			};
			buildConfigurationList = F4D5048723399295003495AB /* Build configuration list for PBXProject "AllReview" */;
			compatibilityVersion = "Xcode 9.3";
			developmentRegion = en;
			hasScannedForEncodings = 0;
			knownRegions = (
				en,
				Base,
			);
			mainGroup = F4D5048323399295003495AB;
			productRefGroup = F4D5048D23399295003495AB /* Products */;
			projectDirPath = "";
			projectRoot = "";
			targets = (
				F4D5048B23399295003495AB /* AllReview */,
				F465136B236681FF004CFBFC /* AllReviewTests */,
			);
		};
/* End PBXProject section */

/* Begin PBXResourcesBuildPhase section */
		F465136A236681FF004CFBFC /* Resources */ = {
			isa = PBXResourcesBuildPhase;
			buildActionMask = 2147483647;
			files = (
			);
			runOnlyForDeploymentPostprocessing = 0;
		};
		F4D5048A23399295003495AB /* Resources */ = {
			isa = PBXResourcesBuildPhase;
			buildActionMask = 2147483647;
			files = (
				F4D5049A23399296003495AB /* LaunchScreen.storyboard in Resources */,
				F465137723668C33004CFBFC /* GoogleService-Info.plist in Resources */,
				F4D5049723399296003495AB /* Assets.xcassets in Resources */,
				F4D5049523399295003495AB /* Main.storyboard in Resources */,
			);
			runOnlyForDeploymentPostprocessing = 0;
		};
/* End PBXResourcesBuildPhase section */

/* Begin PBXShellScriptBuildPhase section */
		261B7FA69DEC2865404490F2 /* [CP] Check Pods Manifest.lock */ = {
			isa = PBXShellScriptBuildPhase;
			buildActionMask = 2147483647;
			files = (
			);
			inputFileListPaths = (
			);
			inputPaths = (
				"${PODS_PODFILE_DIR_PATH}/Podfile.lock",
				"${PODS_ROOT}/Manifest.lock",
			);
			name = "[CP] Check Pods Manifest.lock";
			outputFileListPaths = (
			);
			outputPaths = (
				"$(DERIVED_FILE_DIR)/Pods-AllReview-checkManifestLockResult.txt",
			);
			runOnlyForDeploymentPostprocessing = 0;
			shellPath = /bin/sh;
			shellScript = "diff \"${PODS_PODFILE_DIR_PATH}/Podfile.lock\" \"${PODS_ROOT}/Manifest.lock\" > /dev/null\nif [ $? != 0 ] ; then\n    # print error to STDERR\n    echo \"error: The sandbox is not in sync with the Podfile.lock. Run 'pod install' or update your CocoaPods installation.\" >&2\n    exit 1\nfi\n# This output is used by Xcode 'outputs' to avoid re-running this script phase.\necho \"SUCCESS\" > \"${SCRIPT_OUTPUT_FILE_0}\"\n";
			showEnvVarsInLog = 0;
		};
		3E5FD40708E1F2E09FB44DC0 /* [CP] Embed Pods Frameworks */ = {
			isa = PBXShellScriptBuildPhase;
			buildActionMask = 2147483647;
			files = (
			);
			inputFileListPaths = (
				"${PODS_ROOT}/Target Support Files/Pods-AllReview/Pods-AllReview-frameworks-${CONFIGURATION}-input-files.xcfilelist",
			);
			name = "[CP] Embed Pods Frameworks";
			outputFileListPaths = (
				"${PODS_ROOT}/Target Support Files/Pods-AllReview/Pods-AllReview-frameworks-${CONFIGURATION}-output-files.xcfilelist",
			);
			runOnlyForDeploymentPostprocessing = 0;
			shellPath = /bin/sh;
			shellScript = "\"${PODS_ROOT}/Target Support Files/Pods-AllReview/Pods-AllReview-frameworks.sh\"\n";
			showEnvVarsInLog = 0;
		};
		630C39EE6B28433DBE762EA8 /* [CP] Embed Pods Frameworks */ = {
			isa = PBXShellScriptBuildPhase;
			buildActionMask = 2147483647;
			files = (
			);
			inputFileListPaths = (
				"${PODS_ROOT}/Target Support Files/Pods-AllReview-AllReviewTests/Pods-AllReview-AllReviewTests-frameworks-${CONFIGURATION}-input-files.xcfilelist",
			);
			name = "[CP] Embed Pods Frameworks";
			outputFileListPaths = (
				"${PODS_ROOT}/Target Support Files/Pods-AllReview-AllReviewTests/Pods-AllReview-AllReviewTests-frameworks-${CONFIGURATION}-output-files.xcfilelist",
			);
			runOnlyForDeploymentPostprocessing = 0;
			shellPath = /bin/sh;
			shellScript = "\"${PODS_ROOT}/Target Support Files/Pods-AllReview-AllReviewTests/Pods-AllReview-AllReviewTests-frameworks.sh\"\n";
			showEnvVarsInLog = 0;
		};
		B19FE6428EA7F9E6FDCE1B44 /* [CP] Check Pods Manifest.lock */ = {
			isa = PBXShellScriptBuildPhase;
			buildActionMask = 2147483647;
			files = (
			);
			inputFileListPaths = (
			);
			inputPaths = (
				"${PODS_PODFILE_DIR_PATH}/Podfile.lock",
				"${PODS_ROOT}/Manifest.lock",
			);
			name = "[CP] Check Pods Manifest.lock";
			outputFileListPaths = (
			);
			outputPaths = (
				"$(DERIVED_FILE_DIR)/Pods-AllReview-AllReviewTests-checkManifestLockResult.txt",
			);
			runOnlyForDeploymentPostprocessing = 0;
			shellPath = /bin/sh;
			shellScript = "diff \"${PODS_PODFILE_DIR_PATH}/Podfile.lock\" \"${PODS_ROOT}/Manifest.lock\" > /dev/null\nif [ $? != 0 ] ; then\n    # print error to STDERR\n    echo \"error: The sandbox is not in sync with the Podfile.lock. Run 'pod install' or update your CocoaPods installation.\" >&2\n    exit 1\nfi\n# This output is used by Xcode 'outputs' to avoid re-running this script phase.\necho \"SUCCESS\" > \"${SCRIPT_OUTPUT_FILE_0}\"\n";
			showEnvVarsInLog = 0;
		};
/* End PBXShellScriptBuildPhase section */

/* Begin PBXSourcesBuildPhase section */
		F4651368236681FF004CFBFC /* Sources */ = {
			isa = PBXSourcesBuildPhase;
			buildActionMask = 2147483647;
			files = (
				F465136F236681FF004CFBFC /* AllReviewTests.swift in Sources */,
			);
			runOnlyForDeploymentPostprocessing = 0;
		};
		F4D5048823399295003495AB /* Sources */ = {
			isa = PBXSourcesBuildPhase;
			buildActionMask = 2147483647;
			files = (
				F4F0D63C237D213300A869A0 /* AddNewReviewController.swift in Sources */,
				90474CFF2365CC8500C48C4A /* RxRequests.swift in Sources */,
				F4F0D63A237CF04400A869A0 /* UIDeviceExtension.swift in Sources */,
				F4D504A92339A1D9003495AB /* LoginViewModel.swift in Sources */,
				90474CFD23658DCF00C48C4A /* URLCompoents.swift in Sources */,
				F4D5049223399295003495AB /* LoginViewController.swift in Sources */,
				F46513832367BBBA004CFBFC /* DefaultRouter.swift in Sources */,
				F4D4D832237E36BB00905117 /* SearchMovieViewModel.swift in Sources */,
				F4D4D82E237E366800905117 /* AddNewReviewViewModel.swift in Sources */,
				90474D012365CDD000C48C4A /* Response.swift in Sources */,
				F465137D2366C73A004CFBFC /* LoginViewRouter.swift in Sources */,
				F4D4D830237E36A700905117 /* SearchMovieViewController.swift in Sources */,
				F465137A2366B736004CFBFC /* userSession.swift in Sources */,
				F4F0D63E237D252C00A869A0 /* MainViewRouter.swift in Sources */,
				F4F0D638237CE25100A869A0 /* StringExtension.swift in Sources */,
				F4D5049023399295003495AB /* AppDelegate.swift in Sources */,
				F46513852367EEFD004CFBFC /* MainViewController.swift in Sources */,
				F4651393236AD4BB004CFBFC /* MainViewModel.swift in Sources */,
			);
			runOnlyForDeploymentPostprocessing = 0;
		};
/* End PBXSourcesBuildPhase section */

/* Begin PBXTargetDependency section */
		F4651372236681FF004CFBFC /* PBXTargetDependency */ = {
			isa = PBXTargetDependency;
			target = F4D5048B23399295003495AB /* AllReview */;
			targetProxy = F4651371236681FF004CFBFC /* PBXContainerItemProxy */;
		};
/* End PBXTargetDependency section */

/* Begin PBXVariantGroup section */
		F4D5049323399295003495AB /* Main.storyboard */ = {
			isa = PBXVariantGroup;
			children = (
				F4D5049423399295003495AB /* Base */,
			);
			name = Main.storyboard;
			sourceTree = "<group>";
		};
		F4D5049823399296003495AB /* LaunchScreen.storyboard */ = {
			isa = PBXVariantGroup;
			children = (
				F4D5049923399296003495AB /* Base */,
			);
			name = LaunchScreen.storyboard;
			sourceTree = "<group>";
		};
/* End PBXVariantGroup section */

/* Begin XCBuildConfiguration section */
		F465137323668200004CFBFC /* Debug */ = {
			isa = XCBuildConfiguration;
			baseConfigurationReference = 6E6A2590001F92B5FFE1005A /* Pods-AllReview-AllReviewTests.debug.xcconfig */;
			buildSettings = {
				BUNDLE_LOADER = "$(TEST_HOST)";
				CODE_SIGN_STYLE = Automatic;
				INFOPLIST_FILE = AllReviewTests/Info.plist;
				IPHONEOS_DEPLOYMENT_TARGET = 13.1;
				LD_RUNPATH_SEARCH_PATHS = (
					"$(inherited)",
					"@executable_path/Frameworks",
					"@loader_path/Frameworks",
				);
				PRODUCT_BUNDLE_IDENTIFIER = com.hamin.AllReviewTests;
				PRODUCT_NAME = "$(TARGET_NAME)";
				SWIFT_VERSION = 5.0;
				TARGETED_DEVICE_FAMILY = "1,2";
				TEST_HOST = "$(BUILT_PRODUCTS_DIR)/AllReview.app/AllReview";
			};
			name = Debug;
		};
		F465137423668200004CFBFC /* Release */ = {
			isa = XCBuildConfiguration;
			baseConfigurationReference = 1077EA070A11A29ACF6D23C9 /* Pods-AllReview-AllReviewTests.release.xcconfig */;
			buildSettings = {
				BUNDLE_LOADER = "$(TEST_HOST)";
				CODE_SIGN_STYLE = Automatic;
				INFOPLIST_FILE = AllReviewTests/Info.plist;
				IPHONEOS_DEPLOYMENT_TARGET = 13.1;
				LD_RUNPATH_SEARCH_PATHS = (
					"$(inherited)",
					"@executable_path/Frameworks",
					"@loader_path/Frameworks",
				);
				PRODUCT_BUNDLE_IDENTIFIER = com.hamin.AllReviewTests;
				PRODUCT_NAME = "$(TARGET_NAME)";
				SWIFT_VERSION = 5.0;
				TARGETED_DEVICE_FAMILY = "1,2";
				TEST_HOST = "$(BUILT_PRODUCTS_DIR)/AllReview.app/AllReview";
			};
			name = Release;
		};
		F4D5049C23399296003495AB /* Debug */ = {
			isa = XCBuildConfiguration;
			buildSettings = {
				ALWAYS_SEARCH_USER_PATHS = NO;
				CLANG_ANALYZER_NONNULL = YES;
				CLANG_ANALYZER_NUMBER_OBJECT_CONVERSION = YES_AGGRESSIVE;
				CLANG_CXX_LANGUAGE_STANDARD = "gnu++14";
				CLANG_CXX_LIBRARY = "libc++";
				CLANG_ENABLE_MODULES = YES;
				CLANG_ENABLE_OBJC_ARC = YES;
				CLANG_ENABLE_OBJC_WEAK = YES;
				CLANG_WARN_BLOCK_CAPTURE_AUTORELEASING = YES;
				CLANG_WARN_BOOL_CONVERSION = YES;
				CLANG_WARN_COMMA = YES;
				CLANG_WARN_CONSTANT_CONVERSION = YES;
				CLANG_WARN_DEPRECATED_OBJC_IMPLEMENTATIONS = YES;
				CLANG_WARN_DIRECT_OBJC_ISA_USAGE = YES_ERROR;
				CLANG_WARN_DOCUMENTATION_COMMENTS = YES;
				CLANG_WARN_EMPTY_BODY = YES;
				CLANG_WARN_ENUM_CONVERSION = YES;
				CLANG_WARN_INFINITE_RECURSION = YES;
				CLANG_WARN_INT_CONVERSION = YES;
				CLANG_WARN_NON_LITERAL_NULL_CONVERSION = YES;
				CLANG_WARN_OBJC_IMPLICIT_RETAIN_SELF = YES;
				CLANG_WARN_OBJC_LITERAL_CONVERSION = YES;
				CLANG_WARN_OBJC_ROOT_CLASS = YES_ERROR;
				CLANG_WARN_RANGE_LOOP_ANALYSIS = YES;
				CLANG_WARN_STRICT_PROTOTYPES = YES;
				CLANG_WARN_SUSPICIOUS_MOVE = YES;
				CLANG_WARN_UNGUARDED_AVAILABILITY = YES_AGGRESSIVE;
				CLANG_WARN_UNREACHABLE_CODE = YES;
				CLANG_WARN__DUPLICATE_METHOD_MATCH = YES;
				CODE_SIGN_IDENTITY = "iPhone Developer";
				COPY_PHASE_STRIP = NO;
				DEBUG_INFORMATION_FORMAT = dwarf;
				ENABLE_STRICT_OBJC_MSGSEND = YES;
				ENABLE_TESTABILITY = YES;
				GCC_C_LANGUAGE_STANDARD = gnu11;
				GCC_DYNAMIC_NO_PIC = NO;
				GCC_NO_COMMON_BLOCKS = YES;
				GCC_OPTIMIZATION_LEVEL = 0;
				GCC_PREPROCESSOR_DEFINITIONS = (
					"DEBUG=1",
					"$(inherited)",
				);
				GCC_WARN_64_TO_32_BIT_CONVERSION = YES;
				GCC_WARN_ABOUT_RETURN_TYPE = YES_ERROR;
				GCC_WARN_UNDECLARED_SELECTOR = YES;
				GCC_WARN_UNINITIALIZED_AUTOS = YES_AGGRESSIVE;
				GCC_WARN_UNUSED_FUNCTION = YES;
				GCC_WARN_UNUSED_VARIABLE = YES;
				IPHONEOS_DEPLOYMENT_TARGET = 9.0;
				MTL_ENABLE_DEBUG_INFO = INCLUDE_SOURCE;
				MTL_FAST_MATH = YES;
				ONLY_ACTIVE_ARCH = YES;
				SDKROOT = iphoneos;
				SWIFT_ACTIVE_COMPILATION_CONDITIONS = DEBUG;
				SWIFT_OPTIMIZATION_LEVEL = "-Onone";
			};
			name = Debug;
		};
		F4D5049D23399296003495AB /* Release */ = {
			isa = XCBuildConfiguration;
			buildSettings = {
				ALWAYS_SEARCH_USER_PATHS = NO;
				CLANG_ANALYZER_NONNULL = YES;
				CLANG_ANALYZER_NUMBER_OBJECT_CONVERSION = YES_AGGRESSIVE;
				CLANG_CXX_LANGUAGE_STANDARD = "gnu++14";
				CLANG_CXX_LIBRARY = "libc++";
				CLANG_ENABLE_MODULES = YES;
				CLANG_ENABLE_OBJC_ARC = YES;
				CLANG_ENABLE_OBJC_WEAK = YES;
				CLANG_WARN_BLOCK_CAPTURE_AUTORELEASING = YES;
				CLANG_WARN_BOOL_CONVERSION = YES;
				CLANG_WARN_COMMA = YES;
				CLANG_WARN_CONSTANT_CONVERSION = YES;
				CLANG_WARN_DEPRECATED_OBJC_IMPLEMENTATIONS = YES;
				CLANG_WARN_DIRECT_OBJC_ISA_USAGE = YES_ERROR;
				CLANG_WARN_DOCUMENTATION_COMMENTS = YES;
				CLANG_WARN_EMPTY_BODY = YES;
				CLANG_WARN_ENUM_CONVERSION = YES;
				CLANG_WARN_INFINITE_RECURSION = YES;
				CLANG_WARN_INT_CONVERSION = YES;
				CLANG_WARN_NON_LITERAL_NULL_CONVERSION = YES;
				CLANG_WARN_OBJC_IMPLICIT_RETAIN_SELF = YES;
				CLANG_WARN_OBJC_LITERAL_CONVERSION = YES;
				CLANG_WARN_OBJC_ROOT_CLASS = YES_ERROR;
				CLANG_WARN_RANGE_LOOP_ANALYSIS = YES;
				CLANG_WARN_STRICT_PROTOTYPES = YES;
				CLANG_WARN_SUSPICIOUS_MOVE = YES;
				CLANG_WARN_UNGUARDED_AVAILABILITY = YES_AGGRESSIVE;
				CLANG_WARN_UNREACHABLE_CODE = YES;
				CLANG_WARN__DUPLICATE_METHOD_MATCH = YES;
				CODE_SIGN_IDENTITY = "iPhone Developer";
				COPY_PHASE_STRIP = NO;
				DEBUG_INFORMATION_FORMAT = "dwarf-with-dsym";
				ENABLE_NS_ASSERTIONS = NO;
				ENABLE_STRICT_OBJC_MSGSEND = YES;
				GCC_C_LANGUAGE_STANDARD = gnu11;
				GCC_NO_COMMON_BLOCKS = YES;
				GCC_WARN_64_TO_32_BIT_CONVERSION = YES;
				GCC_WARN_ABOUT_RETURN_TYPE = YES_ERROR;
				GCC_WARN_UNDECLARED_SELECTOR = YES;
				GCC_WARN_UNINITIALIZED_AUTOS = YES_AGGRESSIVE;
				GCC_WARN_UNUSED_FUNCTION = YES;
				GCC_WARN_UNUSED_VARIABLE = YES;
				IPHONEOS_DEPLOYMENT_TARGET = 9.0;
				MTL_ENABLE_DEBUG_INFO = NO;
				MTL_FAST_MATH = YES;
				SDKROOT = iphoneos;
				SWIFT_COMPILATION_MODE = wholemodule;
				SWIFT_OPTIMIZATION_LEVEL = "-O";
				VALIDATE_PRODUCT = YES;
			};
			name = Release;
		};
		F4D5049F23399296003495AB /* Debug */ = {
			isa = XCBuildConfiguration;
			baseConfigurationReference = D8228CA13AAA255453C5C2DF /* Pods-AllReview.debug.xcconfig */;
			buildSettings = {
				ASSETCATALOG_COMPILER_APPICON_NAME = AppIcon;
				CODE_SIGN_STYLE = Automatic;
				DEVELOPMENT_TEAM = K7V5K2ZCCN;
				INFOPLIST_FILE = AllReview/Info.plist;
				IPHONEOS_DEPLOYMENT_TARGET = 9.0;
				LD_RUNPATH_SEARCH_PATHS = (
					"$(inherited)",
					"@executable_path/Frameworks",
				);
				PRODUCT_BUNDLE_IDENTIFIER = com.teamMiracle.AllReview;
				PRODUCT_NAME = "$(TARGET_NAME)";
				SWIFT_VERSION = 5.0;
				TARGETED_DEVICE_FAMILY = "1,2";
			};
			name = Debug;
		};
		F4D504A023399296003495AB /* Release */ = {
			isa = XCBuildConfiguration;
			baseConfigurationReference = 8BF7F11AC9FC5924E1969EA6 /* Pods-AllReview.release.xcconfig */;
			buildSettings = {
				ASSETCATALOG_COMPILER_APPICON_NAME = AppIcon;
				CODE_SIGN_STYLE = Automatic;
				DEVELOPMENT_TEAM = K7V5K2ZCCN;
				INFOPLIST_FILE = AllReview/Info.plist;
				IPHONEOS_DEPLOYMENT_TARGET = 9.0;
				LD_RUNPATH_SEARCH_PATHS = (
					"$(inherited)",
					"@executable_path/Frameworks",
				);
				PRODUCT_BUNDLE_IDENTIFIER = com.teamMiracle.AllReview;
				PRODUCT_NAME = "$(TARGET_NAME)";
				SWIFT_VERSION = 5.0;
				TARGETED_DEVICE_FAMILY = "1,2";
			};
			name = Release;
		};
/* End XCBuildConfiguration section */

/* Begin XCConfigurationList section */
		F465137523668200004CFBFC /* Build configuration list for PBXNativeTarget "AllReviewTests" */ = {
			isa = XCConfigurationList;
			buildConfigurations = (
				F465137323668200004CFBFC /* Debug */,
				F465137423668200004CFBFC /* Release */,
			);
			defaultConfigurationIsVisible = 0;
			defaultConfigurationName = Release;
		};
		F4D5048723399295003495AB /* Build configuration list for PBXProject "AllReview" */ = {
			isa = XCConfigurationList;
			buildConfigurations = (
				F4D5049C23399296003495AB /* Debug */,
				F4D5049D23399296003495AB /* Release */,
			);
			defaultConfigurationIsVisible = 0;
			defaultConfigurationName = Release;
		};
		F4D5049E23399296003495AB /* Build configuration list for PBXNativeTarget "AllReview" */ = {
			isa = XCConfigurationList;
			buildConfigurations = (
				F4D5049F23399296003495AB /* Debug */,
				F4D504A023399296003495AB /* Release */,
			);
			defaultConfigurationIsVisible = 0;
			defaultConfigurationName = Release;
		};
/* End XCConfigurationList section */
	};
	rootObject = F4D5048423399295003495AB /* Project object */;
}
